// !$*UTF8*$!
{
	archiveVersion = 1;
	classes = {
	};
	objectVersion = 77;
	objects = {

/* Begin PBXBuildFile section */
		2A0D3B822D68F22000851AC8 /* MLX in Frameworks */ = {isa = PBXBuildFile; productRef = 2A0D3B812D68F22000851AC8 /* MLX */; };
		2A0D3B842D68F22000851AC8 /* MLXFFT in Frameworks */ = {isa = PBXBuildFile; productRef = 2A0D3B832D68F22000851AC8 /* MLXFFT */; };
		2A0D3B862D68F22000851AC8 /* MLXFast in Frameworks */ = {isa = PBXBuildFile; productRef = 2A0D3B852D68F22000851AC8 /* MLXFast */; };
		2A0D3B882D68F22000851AC8 /* MLXLinalg in Frameworks */ = {isa = PBXBuildFile; productRef = 2A0D3B872D68F22000851AC8 /* MLXLinalg */; };
		2A0D3B8A2D68F22000851AC8 /* MLXNN in Frameworks */ = {isa = PBXBuildFile; productRef = 2A0D3B892D68F22000851AC8 /* MLXNN */; };
		2A0D3B8D2D68F23200851AC8 /* MLXLLM in Frameworks */ = {isa = PBXBuildFile; productRef = 2A0D3B8C2D68F23200851AC8 /* MLXLLM */; };
		2A0D3B8F2D68F23200851AC8 /* MLXLMCommon in Frameworks */ = {isa = PBXBuildFile; productRef = 2A0D3B8E2D68F23200851AC8 /* MLXLMCommon */; };
		2A0D3B912D68F23200851AC8 /* MLXMNIST in Frameworks */ = {isa = PBXBuildFile; productRef = 2A0D3B902D68F23200851AC8 /* MLXMNIST */; };
		2A0D3B932D68F23200851AC8 /* MLXVLM in Frameworks */ = {isa = PBXBuildFile; productRef = 2A0D3B922D68F23200851AC8 /* MLXVLM */; };
		2A0D3B952D68F23200851AC8 /* StableDiffusion in Frameworks */ = {isa = PBXBuildFile; productRef = 2A0D3B942D68F23200851AC8 /* StableDiffusion */; };
		2AA154122CF2636900D27D18 /* MarkdownUI in Frameworks */ = {isa = PBXBuildFile; productRef = 2AA154112CF2636900D27D18 /* MarkdownUI */; };
		2AF5CC562D2AFE1C0050F923 /* KeyboardShortcuts in Frameworks */ = {isa = PBXBuildFile; productRef = 2AF5CC552D2AFE1C0050F923 /* KeyboardShortcuts */; };
/* End PBXBuildFile section */

/* Begin PBXContainerItemProxy section */
		2ABCBC302CDEB607001E4B5E /* PBXContainerItemProxy */ = {
			isa = PBXContainerItemProxy;
			containerPortal = 2ABCBC162CDEB606001E4B5E /* Project object */;
			proxyType = 1;
			remoteGlobalIDString = 2ABCBC1D2CDEB606001E4B5E;
			remoteInfo = "swift-writing-tools";
		};
		2ABCBC3A2CDEB607001E4B5E /* PBXContainerItemProxy */ = {
			isa = PBXContainerItemProxy;
			containerPortal = 2ABCBC162CDEB606001E4B5E /* Project object */;
			proxyType = 1;
			remoteGlobalIDString = 2ABCBC1D2CDEB606001E4B5E;
			remoteInfo = "swift-writing-tools";
		};
/* End PBXContainerItemProxy section */

/* Begin PBXFileReference section */
		2ABCBC1E2CDEB606001E4B5E /* writing-tools.app */ = {isa = PBXFileReference; explicitFileType = wrapper.application; includeInIndex = 0; path = "writing-tools.app"; sourceTree = BUILT_PRODUCTS_DIR; };
		2ABCBC2F2CDEB607001E4B5E /* writing-toolsTests.xctest */ = {isa = PBXFileReference; explicitFileType = wrapper.cfbundle; includeInIndex = 0; path = "writing-toolsTests.xctest"; sourceTree = BUILT_PRODUCTS_DIR; };
		2ABCBC392CDEB607001E4B5E /* writing-toolsUITests.xctest */ = {isa = PBXFileReference; explicitFileType = wrapper.cfbundle; includeInIndex = 0; path = "writing-toolsUITests.xctest"; sourceTree = BUILT_PRODUCTS_DIR; };
/* End PBXFileReference section */

/* Begin PBXFileSystemSynchronizedBuildFileExceptionSet section */
		2A71341F2CF9D78E005ECCA8 /* Exceptions for "writing-tools" folder in "writing-tools" target */ = {
			isa = PBXFileSystemSynchronizedBuildFileExceptionSet;
			membershipExceptions = (
				Info.plist,
			);
			target = 2ABCBC1D2CDEB606001E4B5E /* writing-tools */;
		};
/* End PBXFileSystemSynchronizedBuildFileExceptionSet section */

/* Begin PBXFileSystemSynchronizedRootGroup section */
		2ABCBC202CDEB606001E4B5E /* writing-tools */ = {
			isa = PBXFileSystemSynchronizedRootGroup;
			exceptions = (
				2A71341F2CF9D78E005ECCA8 /* Exceptions for "writing-tools" folder in "writing-tools" target */,
			);
			path = "writing-tools";
			sourceTree = "<group>";
		};
/* End PBXFileSystemSynchronizedRootGroup section */

/* Begin PBXFrameworksBuildPhase section */
		2ABCBC1B2CDEB606001E4B5E /* Frameworks */ = {
			isa = PBXFrameworksBuildPhase;
			buildActionMask = 2147483647;
			files = (
				2A0D3B822D68F22000851AC8 /* MLX in Frameworks */,
				2A0D3B952D68F23200851AC8 /* StableDiffusion in Frameworks */,
				2A0D3B882D68F22000851AC8 /* MLXLinalg in Frameworks */,
				2AA154122CF2636900D27D18 /* MarkdownUI in Frameworks */,
				2A0D3B932D68F23200851AC8 /* MLXVLM in Frameworks */,
				2AF5CC562D2AFE1C0050F923 /* KeyboardShortcuts in Frameworks */,
				2A0D3B8F2D68F23200851AC8 /* MLXLMCommon in Frameworks */,
				2A0D3B8D2D68F23200851AC8 /* MLXLLM in Frameworks */,
				2A0D3B912D68F23200851AC8 /* MLXMNIST in Frameworks */,
				2A0D3B862D68F22000851AC8 /* MLXFast in Frameworks */,
				2A0D3B8A2D68F22000851AC8 /* MLXNN in Frameworks */,
				2A0D3B842D68F22000851AC8 /* MLXFFT in Frameworks */,
			);
			runOnlyForDeploymentPostprocessing = 0;
		};
		2ABCBC2C2CDEB607001E4B5E /* Frameworks */ = {
			isa = PBXFrameworksBuildPhase;
			buildActionMask = 2147483647;
			files = (
			);
			runOnlyForDeploymentPostprocessing = 0;
		};
		2ABCBC362CDEB607001E4B5E /* Frameworks */ = {
			isa = PBXFrameworksBuildPhase;
			buildActionMask = 2147483647;
			files = (
			);
			runOnlyForDeploymentPostprocessing = 0;
		};
/* End PBXFrameworksBuildPhase section */

/* Begin PBXGroup section */
		2ABCBC152CDEB606001E4B5E = {
			isa = PBXGroup;
			children = (
				2ABCBC202CDEB606001E4B5E /* writing-tools */,
				2ABCBC1F2CDEB606001E4B5E /* Products */,
			);
			sourceTree = "<group>";
		};
		2ABCBC1F2CDEB606001E4B5E /* Products */ = {
			isa = PBXGroup;
			children = (
				2ABCBC1E2CDEB606001E4B5E /* writing-tools.app */,
				2ABCBC2F2CDEB607001E4B5E /* writing-toolsTests.xctest */,
				2ABCBC392CDEB607001E4B5E /* writing-toolsUITests.xctest */,
			);
			name = Products;
			sourceTree = "<group>";
		};
/* End PBXGroup section */

/* Begin PBXNativeTarget section */
		2ABCBC1D2CDEB606001E4B5E /* writing-tools */ = {
			isa = PBXNativeTarget;
			buildConfigurationList = 2ABCBC432CDEB607001E4B5E /* Build configuration list for PBXNativeTarget "writing-tools" */;
			buildPhases = (
				2ABCBC1A2CDEB606001E4B5E /* Sources */,
				2ABCBC1B2CDEB606001E4B5E /* Frameworks */,
				2ABCBC1C2CDEB606001E4B5E /* Resources */,
			);
			buildRules = (
			);
			dependencies = (
			);
			fileSystemSynchronizedGroups = (
				2ABCBC202CDEB606001E4B5E /* writing-tools */,
			);
			name = "writing-tools";
			packageProductDependencies = (
				2AA154112CF2636900D27D18 /* MarkdownUI */,
				2AF5CC552D2AFE1C0050F923 /* KeyboardShortcuts */,
				2A0D3B812D68F22000851AC8 /* MLX */,
				2A0D3B832D68F22000851AC8 /* MLXFFT */,
				2A0D3B852D68F22000851AC8 /* MLXFast */,
				2A0D3B872D68F22000851AC8 /* MLXLinalg */,
				2A0D3B892D68F22000851AC8 /* MLXNN */,
				2A0D3B8C2D68F23200851AC8 /* MLXLLM */,
				2A0D3B8E2D68F23200851AC8 /* MLXLMCommon */,
				2A0D3B902D68F23200851AC8 /* MLXMNIST */,
				2A0D3B922D68F23200851AC8 /* MLXVLM */,
				2A0D3B942D68F23200851AC8 /* StableDiffusion */,
			);
			productName = "swift-writing-tools";
			productReference = 2ABCBC1E2CDEB606001E4B5E /* writing-tools.app */;
			productType = "com.apple.product-type.application";
		};
		2ABCBC2E2CDEB607001E4B5E /* writing-toolsTests */ = {
			isa = PBXNativeTarget;
			buildConfigurationList = 2ABCBC462CDEB607001E4B5E /* Build configuration list for PBXNativeTarget "writing-toolsTests" */;
			buildPhases = (
				2ABCBC2B2CDEB607001E4B5E /* Sources */,
				2ABCBC2C2CDEB607001E4B5E /* Frameworks */,
				2ABCBC2D2CDEB607001E4B5E /* Resources */,
			);
			buildRules = (
			);
			dependencies = (
				2ABCBC312CDEB607001E4B5E /* PBXTargetDependency */,
			);
			name = "writing-toolsTests";
			packageProductDependencies = (
			);
			productName = "swift-writing-toolsTests";
			productReference = 2ABCBC2F2CDEB607001E4B5E /* writing-toolsTests.xctest */;
			productType = "com.apple.product-type.bundle.unit-test";
		};
		2ABCBC382CDEB607001E4B5E /* writing-toolsUITests */ = {
			isa = PBXNativeTarget;
			buildConfigurationList = 2ABCBC492CDEB607001E4B5E /* Build configuration list for PBXNativeTarget "writing-toolsUITests" */;
			buildPhases = (
				2ABCBC352CDEB607001E4B5E /* Sources */,
				2ABCBC362CDEB607001E4B5E /* Frameworks */,
				2ABCBC372CDEB607001E4B5E /* Resources */,
			);
			buildRules = (
			);
			dependencies = (
				2ABCBC3B2CDEB607001E4B5E /* PBXTargetDependency */,
			);
			name = "writing-toolsUITests";
			packageProductDependencies = (
			);
			productName = "swift-writing-toolsUITests";
			productReference = 2ABCBC392CDEB607001E4B5E /* writing-toolsUITests.xctest */;
			productType = "com.apple.product-type.bundle.ui-testing";
		};
/* End PBXNativeTarget section */

/* Begin PBXProject section */
		2ABCBC162CDEB606001E4B5E /* Project object */ = {
			isa = PBXProject;
			attributes = {
				BuildIndependentTargetsInParallel = 1;
				LastSwiftUpdateCheck = 1610;
				LastUpgradeCheck = 1620;
				TargetAttributes = {
					2ABCBC1D2CDEB606001E4B5E = {
						CreatedOnToolsVersion = 16.1;
					};
					2ABCBC2E2CDEB607001E4B5E = {
						CreatedOnToolsVersion = 16.1;
						TestTargetID = 2ABCBC1D2CDEB606001E4B5E;
					};
					2ABCBC382CDEB607001E4B5E = {
						CreatedOnToolsVersion = 16.1;
						TestTargetID = 2ABCBC1D2CDEB606001E4B5E;
					};
				};
			};
			buildConfigurationList = 2ABCBC192CDEB606001E4B5E /* Build configuration list for PBXProject "writing-tools" */;
			developmentRegion = en;
			hasScannedForEncodings = 0;
			knownRegions = (
				en,
				Base,
				de,
				fr,
				es,
			);
			mainGroup = 2ABCBC152CDEB606001E4B5E;
			minimizedProjectReferenceProxies = 1;
			packageReferences = (
				2AA154102CF2636900D27D18 /* XCRemoteSwiftPackageReference "swift-markdown-ui" */,
				2AF5CC542D2AFE1C0050F923 /* XCRemoteSwiftPackageReference "KeyboardShortcuts" */,
				2A0D3B802D68F22000851AC8 /* XCRemoteSwiftPackageReference "mlx-swift" */,
				2A0D3B8B2D68F23200851AC8 /* XCRemoteSwiftPackageReference "mlx-swift-examples" */,
			);
			preferredProjectObjectVersion = 77;
			productRefGroup = 2ABCBC1F2CDEB606001E4B5E /* Products */;
			projectDirPath = "";
			projectRoot = "";
			targets = (
				2ABCBC1D2CDEB606001E4B5E /* writing-tools */,
				2ABCBC2E2CDEB607001E4B5E /* writing-toolsTests */,
				2ABCBC382CDEB607001E4B5E /* writing-toolsUITests */,
			);
		};
/* End PBXProject section */

/* Begin PBXResourcesBuildPhase section */
		2ABCBC1C2CDEB606001E4B5E /* Resources */ = {
			isa = PBXResourcesBuildPhase;
			buildActionMask = 2147483647;
			files = (
			);
			runOnlyForDeploymentPostprocessing = 0;
		};
		2ABCBC2D2CDEB607001E4B5E /* Resources */ = {
			isa = PBXResourcesBuildPhase;
			buildActionMask = 2147483647;
			files = (
			);
			runOnlyForDeploymentPostprocessing = 0;
		};
		2ABCBC372CDEB607001E4B5E /* Resources */ = {
			isa = PBXResourcesBuildPhase;
			buildActionMask = 2147483647;
			files = (
			);
			runOnlyForDeploymentPostprocessing = 0;
		};
/* End PBXResourcesBuildPhase section */

/* Begin PBXSourcesBuildPhase section */
		2ABCBC1A2CDEB606001E4B5E /* Sources */ = {
			isa = PBXSourcesBuildPhase;
			buildActionMask = 2147483647;
			files = (
			);
			runOnlyForDeploymentPostprocessing = 0;
		};
		2ABCBC2B2CDEB607001E4B5E /* Sources */ = {
			isa = PBXSourcesBuildPhase;
			buildActionMask = 2147483647;
			files = (
			);
			runOnlyForDeploymentPostprocessing = 0;
		};
		2ABCBC352CDEB607001E4B5E /* Sources */ = {
			isa = PBXSourcesBuildPhase;
			buildActionMask = 2147483647;
			files = (
			);
			runOnlyForDeploymentPostprocessing = 0;
		};
/* End PBXSourcesBuildPhase section */

/* Begin PBXTargetDependency section */
		2ABCBC312CDEB607001E4B5E /* PBXTargetDependency */ = {
			isa = PBXTargetDependency;
			target = 2ABCBC1D2CDEB606001E4B5E /* writing-tools */;
			targetProxy = 2ABCBC302CDEB607001E4B5E /* PBXContainerItemProxy */;
		};
		2ABCBC3B2CDEB607001E4B5E /* PBXTargetDependency */ = {
			isa = PBXTargetDependency;
			target = 2ABCBC1D2CDEB606001E4B5E /* writing-tools */;
			targetProxy = 2ABCBC3A2CDEB607001E4B5E /* PBXContainerItemProxy */;
		};
/* End PBXTargetDependency section */

/* Begin XCBuildConfiguration section */
		2ABCBC412CDEB607001E4B5E /* Debug */ = {
			isa = XCBuildConfiguration;
			buildSettings = {
				ALWAYS_SEARCH_USER_PATHS = NO;
				ASSETCATALOG_COMPILER_GENERATE_SWIFT_ASSET_SYMBOL_EXTENSIONS = YES;
				CLANG_ANALYZER_NONNULL = YES;
				CLANG_ANALYZER_NUMBER_OBJECT_CONVERSION = YES_AGGRESSIVE;
				CLANG_CXX_LANGUAGE_STANDARD = "gnu++20";
				CLANG_ENABLE_MODULES = YES;
				CLANG_ENABLE_OBJC_ARC = YES;
				CLANG_ENABLE_OBJC_WEAK = YES;
				CLANG_WARN_BLOCK_CAPTURE_AUTORELEASING = YES;
				CLANG_WARN_BOOL_CONVERSION = YES;
				CLANG_WARN_COMMA = YES;
				CLANG_WARN_CONSTANT_CONVERSION = YES;
				CLANG_WARN_DEPRECATED_OBJC_IMPLEMENTATIONS = YES;
				CLANG_WARN_DIRECT_OBJC_ISA_USAGE = YES_ERROR;
				CLANG_WARN_DOCUMENTATION_COMMENTS = YES;
				CLANG_WARN_EMPTY_BODY = YES;
				CLANG_WARN_ENUM_CONVERSION = YES;
				CLANG_WARN_INFINITE_RECURSION = YES;
				CLANG_WARN_INT_CONVERSION = YES;
				CLANG_WARN_NON_LITERAL_NULL_CONVERSION = YES;
				CLANG_WARN_OBJC_IMPLICIT_RETAIN_SELF = YES;
				CLANG_WARN_OBJC_LITERAL_CONVERSION = YES;
				CLANG_WARN_OBJC_ROOT_CLASS = YES_ERROR;
				CLANG_WARN_QUOTED_INCLUDE_IN_FRAMEWORK_HEADER = YES;
				CLANG_WARN_RANGE_LOOP_ANALYSIS = YES;
				CLANG_WARN_STRICT_PROTOTYPES = YES;
				CLANG_WARN_SUSPICIOUS_MOVE = YES;
				CLANG_WARN_UNGUARDED_AVAILABILITY = YES_AGGRESSIVE;
				CLANG_WARN_UNREACHABLE_CODE = YES;
				CLANG_WARN__DUPLICATE_METHOD_MATCH = YES;
				COPY_PHASE_STRIP = NO;
				DEAD_CODE_STRIPPING = YES;
				DEBUG_INFORMATION_FORMAT = dwarf;
				ENABLE_STRICT_OBJC_MSGSEND = YES;
				ENABLE_TESTABILITY = YES;
				ENABLE_USER_SCRIPT_SANDBOXING = YES;
				GCC_C_LANGUAGE_STANDARD = gnu17;
				GCC_DYNAMIC_NO_PIC = NO;
				GCC_NO_COMMON_BLOCKS = YES;
				GCC_OPTIMIZATION_LEVEL = 0;
				GCC_PREPROCESSOR_DEFINITIONS = (
					"DEBUG=1",
					"$(inherited)",
				);
				GCC_WARN_64_TO_32_BIT_CONVERSION = YES;
				GCC_WARN_ABOUT_RETURN_TYPE = YES_ERROR;
				GCC_WARN_UNDECLARED_SELECTOR = YES;
				GCC_WARN_UNINITIALIZED_AUTOS = YES_AGGRESSIVE;
				GCC_WARN_UNUSED_FUNCTION = YES;
				GCC_WARN_UNUSED_VARIABLE = YES;
				LOCALIZATION_PREFERS_STRING_CATALOGS = YES;
				MACOSX_DEPLOYMENT_TARGET = 15.1;
				MTL_ENABLE_DEBUG_INFO = INCLUDE_SOURCE;
				MTL_FAST_MATH = YES;
				ONLY_ACTIVE_ARCH = YES;
				SDKROOT = macosx;
				SWIFT_ACTIVE_COMPILATION_CONDITIONS = "DEBUG $(inherited)";
				SWIFT_EMIT_LOC_STRINGS = YES;
				SWIFT_OPTIMIZATION_LEVEL = "-Onone";
			};
			name = Debug;
		};
		2ABCBC422CDEB607001E4B5E /* Release */ = {
			isa = XCBuildConfiguration;
			buildSettings = {
				ALWAYS_SEARCH_USER_PATHS = NO;
				ASSETCATALOG_COMPILER_GENERATE_SWIFT_ASSET_SYMBOL_EXTENSIONS = YES;
				CLANG_ANALYZER_NONNULL = YES;
				CLANG_ANALYZER_NUMBER_OBJECT_CONVERSION = YES_AGGRESSIVE;
				CLANG_CXX_LANGUAGE_STANDARD = "gnu++20";
				CLANG_ENABLE_MODULES = YES;
				CLANG_ENABLE_OBJC_ARC = YES;
				CLANG_ENABLE_OBJC_WEAK = YES;
				CLANG_WARN_BLOCK_CAPTURE_AUTORELEASING = YES;
				CLANG_WARN_BOOL_CONVERSION = YES;
				CLANG_WARN_COMMA = YES;
				CLANG_WARN_CONSTANT_CONVERSION = YES;
				CLANG_WARN_DEPRECATED_OBJC_IMPLEMENTATIONS = YES;
				CLANG_WARN_DIRECT_OBJC_ISA_USAGE = YES_ERROR;
				CLANG_WARN_DOCUMENTATION_COMMENTS = YES;
				CLANG_WARN_EMPTY_BODY = YES;
				CLANG_WARN_ENUM_CONVERSION = YES;
				CLANG_WARN_INFINITE_RECURSION = YES;
				CLANG_WARN_INT_CONVERSION = YES;
				CLANG_WARN_NON_LITERAL_NULL_CONVERSION = YES;
				CLANG_WARN_OBJC_IMPLICIT_RETAIN_SELF = YES;
				CLANG_WARN_OBJC_LITERAL_CONVERSION = YES;
				CLANG_WARN_OBJC_ROOT_CLASS = YES_ERROR;
				CLANG_WARN_QUOTED_INCLUDE_IN_FRAMEWORK_HEADER = YES;
				CLANG_WARN_RANGE_LOOP_ANALYSIS = YES;
				CLANG_WARN_STRICT_PROTOTYPES = YES;
				CLANG_WARN_SUSPICIOUS_MOVE = YES;
				CLANG_WARN_UNGUARDED_AVAILABILITY = YES_AGGRESSIVE;
				CLANG_WARN_UNREACHABLE_CODE = YES;
				CLANG_WARN__DUPLICATE_METHOD_MATCH = YES;
				COPY_PHASE_STRIP = NO;
				DEAD_CODE_STRIPPING = YES;
				DEBUG_INFORMATION_FORMAT = "dwarf-with-dsym";
				ENABLE_NS_ASSERTIONS = NO;
				ENABLE_STRICT_OBJC_MSGSEND = YES;
				ENABLE_USER_SCRIPT_SANDBOXING = YES;
				GCC_C_LANGUAGE_STANDARD = gnu17;
				GCC_NO_COMMON_BLOCKS = YES;
				GCC_WARN_64_TO_32_BIT_CONVERSION = YES;
				GCC_WARN_ABOUT_RETURN_TYPE = YES_ERROR;
				GCC_WARN_UNDECLARED_SELECTOR = YES;
				GCC_WARN_UNINITIALIZED_AUTOS = YES_AGGRESSIVE;
				GCC_WARN_UNUSED_FUNCTION = YES;
				GCC_WARN_UNUSED_VARIABLE = YES;
				LOCALIZATION_PREFERS_STRING_CATALOGS = YES;
				MACOSX_DEPLOYMENT_TARGET = 15.1;
				MTL_ENABLE_DEBUG_INFO = NO;
				MTL_FAST_MATH = YES;
				SDKROOT = macosx;
				SWIFT_COMPILATION_MODE = wholemodule;
				SWIFT_EMIT_LOC_STRINGS = YES;
			};
			name = Release;
		};
		2ABCBC442CDEB607001E4B5E /* Debug */ = {
			isa = XCBuildConfiguration;
			buildSettings = {
				ASSETCATALOG_COMPILER_APPICON_NAME = AppIcon;
				ASSETCATALOG_COMPILER_GLOBAL_ACCENT_COLOR_NAME = AccentColor;
				CODE_SIGN_ENTITLEMENTS = "writing-tools/writing_tools.entitlements";
				CODE_SIGN_IDENTITY = "Apple Development";
				"CODE_SIGN_IDENTITY[sdk=macosx*]" = "Apple Development";
				CODE_SIGN_STYLE = Automatic;
				COMBINE_HIDPI_IMAGES = YES;
				CURRENT_PROJECT_VERSION = 4;
				DEAD_CODE_STRIPPING = YES;
				DEVELOPMENT_ASSET_PATHS = "\"writing-tools/Preview Content\"";
				DEVELOPMENT_TEAM = MK2V998W66;
				ENABLE_HARDENED_RUNTIME = YES;
				ENABLE_PREVIEWS = YES;
				GENERATE_INFOPLIST_FILE = YES;
				INFOPLIST_FILE = "writing-tools/Info.plist";
				INFOPLIST_KEY_CFBundleDisplayName = "WritingTools ";
				INFOPLIST_KEY_LSApplicationCategoryType = "public.app-category.utilities";
				INFOPLIST_KEY_NSHumanReadableCopyright = "";
				LD_RUNPATH_SEARCH_PATHS = (
					"$(inherited)",
					"@executable_path/../Frameworks",
				);
				MACOSX_DEPLOYMENT_TARGET = 14.0;
				MARKETING_VERSION = 3.0;
				PRODUCT_BUNDLE_IDENTIFIER = "com.aryamirsepasi.writing-tools";
				PRODUCT_NAME = "$(TARGET_NAME)";
				PROVISIONING_PROFILE_SPECIFIER = "";
				SWIFT_EMIT_LOC_STRINGS = YES;
				SWIFT_VERSION = 5.0;
			};
			name = Debug;
		};
		2ABCBC452CDEB607001E4B5E /* Release */ = {
			isa = XCBuildConfiguration;
			buildSettings = {
				ASSETCATALOG_COMPILER_APPICON_NAME = AppIcon;
				ASSETCATALOG_COMPILER_GLOBAL_ACCENT_COLOR_NAME = AccentColor;
				CODE_SIGN_ENTITLEMENTS = "writing-tools/writing_tools.entitlements";
				CODE_SIGN_IDENTITY = "Apple Development";
				"CODE_SIGN_IDENTITY[sdk=macosx*]" = "Apple Development";
				CODE_SIGN_STYLE = Automatic;
				COMBINE_HIDPI_IMAGES = YES;
				CURRENT_PROJECT_VERSION = 4;
				DEAD_CODE_STRIPPING = YES;
				DEVELOPMENT_ASSET_PATHS = "\"writing-tools/Preview Content\"";
				DEVELOPMENT_TEAM = MK2V998W66;
				ENABLE_HARDENED_RUNTIME = YES;
				ENABLE_PREVIEWS = YES;
				GENERATE_INFOPLIST_FILE = YES;
				INFOPLIST_FILE = "writing-tools/Info.plist";
				INFOPLIST_KEY_CFBundleDisplayName = "WritingTools ";
				INFOPLIST_KEY_LSApplicationCategoryType = "public.app-category.utilities";
				INFOPLIST_KEY_NSHumanReadableCopyright = "";
				LD_RUNPATH_SEARCH_PATHS = (
					"$(inherited)",
					"@executable_path/../Frameworks",
				);
				MACOSX_DEPLOYMENT_TARGET = 14.0;
				MARKETING_VERSION = 3.0;
				PRODUCT_BUNDLE_IDENTIFIER = "com.aryamirsepasi.writing-tools";
				PRODUCT_NAME = "$(TARGET_NAME)";
				PROVISIONING_PROFILE_SPECIFIER = "";
				SWIFT_EMIT_LOC_STRINGS = YES;
				SWIFT_VERSION = 5.0;
			};
			name = Release;
		};
		2ABCBC472CDEB607001E4B5E /* Debug */ = {
			isa = XCBuildConfiguration;
			buildSettings = {
				BUNDLE_LOADER = "$(TEST_HOST)";
				CODE_SIGN_STYLE = Automatic;
				CURRENT_PROJECT_VERSION = 1;
				DEAD_CODE_STRIPPING = YES;
				DEVELOPMENT_TEAM = MK2V998W66;
				GENERATE_INFOPLIST_FILE = YES;
				MACOSX_DEPLOYMENT_TARGET = 15.1;
				MARKETING_VERSION = 1.0;
				PRODUCT_BUNDLE_IDENTIFIER = "com.aryamirsepasi.swift-writing-toolsTests";
				PRODUCT_NAME = "$(TARGET_NAME)";
				SWIFT_EMIT_LOC_STRINGS = NO;
				SWIFT_VERSION = 5.0;
				TEST_HOST = "$(BUILT_PRODUCTS_DIR)/writing-tools.app/$(BUNDLE_EXECUTABLE_FOLDER_PATH)/writing-tools";
			};
			name = Debug;
		};
		2ABCBC482CDEB607001E4B5E /* Release */ = {
			isa = XCBuildConfiguration;
			buildSettings = {
				BUNDLE_LOADER = "$(TEST_HOST)";
				CODE_SIGN_STYLE = Automatic;
				CURRENT_PROJECT_VERSION = 1;
				DEAD_CODE_STRIPPING = YES;
				DEVELOPMENT_TEAM = MK2V998W66;
				GENERATE_INFOPLIST_FILE = YES;
				MACOSX_DEPLOYMENT_TARGET = 15.1;
				MARKETING_VERSION = 1.0;
				PRODUCT_BUNDLE_IDENTIFIER = "com.aryamirsepasi.swift-writing-toolsTests";
				PRODUCT_NAME = "$(TARGET_NAME)";
				SWIFT_EMIT_LOC_STRINGS = NO;
				SWIFT_VERSION = 5.0;
				TEST_HOST = "$(BUILT_PRODUCTS_DIR)/writing-tools.app/$(BUNDLE_EXECUTABLE_FOLDER_PATH)/writing-tools";
			};
			name = Release;
		};
		2ABCBC4A2CDEB607001E4B5E /* Debug */ = {
			isa = XCBuildConfiguration;
			buildSettings = {
				CODE_SIGN_STYLE = Automatic;
				CURRENT_PROJECT_VERSION = 1;
				DEAD_CODE_STRIPPING = YES;
				DEVELOPMENT_TEAM = MK2V998W66;
				GENERATE_INFOPLIST_FILE = YES;
				MARKETING_VERSION = 1.0;
				PRODUCT_BUNDLE_IDENTIFIER = "com.aryamirsepasi.swift-writing-toolsUITests";
				PRODUCT_NAME = "$(TARGET_NAME)";
				SWIFT_EMIT_LOC_STRINGS = NO;
				SWIFT_VERSION = 5.0;
				TEST_TARGET_NAME = "swift-writing-tools";
			};
			name = Debug;
		};
		2ABCBC4B2CDEB607001E4B5E /* Release */ = {
			isa = XCBuildConfiguration;
			buildSettings = {
				CODE_SIGN_STYLE = Automatic;
				CURRENT_PROJECT_VERSION = 1;
				DEAD_CODE_STRIPPING = YES;
				DEVELOPMENT_TEAM = MK2V998W66;
				GENERATE_INFOPLIST_FILE = YES;
				MARKETING_VERSION = 1.0;
				PRODUCT_BUNDLE_IDENTIFIER = "com.aryamirsepasi.swift-writing-toolsUITests";
				PRODUCT_NAME = "$(TARGET_NAME)";
				SWIFT_EMIT_LOC_STRINGS = NO;
				SWIFT_VERSION = 5.0;
				TEST_TARGET_NAME = "swift-writing-tools";
			};
			name = Release;
		};
/* End XCBuildConfiguration section */

/* Begin XCConfigurationList section */
		2ABCBC192CDEB606001E4B5E /* Build configuration list for PBXProject "writing-tools" */ = {
			isa = XCConfigurationList;
			buildConfigurations = (
				2ABCBC412CDEB607001E4B5E /* Debug */,
				2ABCBC422CDEB607001E4B5E /* Release */,
			);
			defaultConfigurationIsVisible = 0;
			defaultConfigurationName = Release;
		};
		2ABCBC432CDEB607001E4B5E /* Build configuration list for PBXNativeTarget "writing-tools" */ = {
			isa = XCConfigurationList;
			buildConfigurations = (
				2ABCBC442CDEB607001E4B5E /* Debug */,
				2ABCBC452CDEB607001E4B5E /* Release */,
			);
			defaultConfigurationIsVisible = 0;
			defaultConfigurationName = Release;
		};
		2ABCBC462CDEB607001E4B5E /* Build configuration list for PBXNativeTarget "writing-toolsTests" */ = {
			isa = XCConfigurationList;
			buildConfigurations = (
				2ABCBC472CDEB607001E4B5E /* Debug */,
				2ABCBC482CDEB607001E4B5E /* Release */,
			);
			defaultConfigurationIsVisible = 0;
			defaultConfigurationName = Release;
		};
		2ABCBC492CDEB607001E4B5E /* Build configuration list for PBXNativeTarget "writing-toolsUITests" */ = {
			isa = XCConfigurationList;
			buildConfigurations = (
				2ABCBC4A2CDEB607001E4B5E /* Debug */,
				2ABCBC4B2CDEB607001E4B5E /* Release */,
			);
			defaultConfigurationIsVisible = 0;
			defaultConfigurationName = Release;
		};
/* End XCConfigurationList section */

/* Begin XCRemoteSwiftPackageReference section */
		2A0D3B802D68F22000851AC8 /* XCRemoteSwiftPackageReference "mlx-swift" */ = {
			isa = XCRemoteSwiftPackageReference;
			repositoryURL = "https://github.com/ml-explore/mlx-swift";
			requirement = {
				kind = upToNextMajorVersion;
				minimumVersion = 0.21.3;
			};
		};
		2A0D3B8B2D68F23200851AC8 /* XCRemoteSwiftPackageReference "mlx-swift-examples" */ = {
			isa = XCRemoteSwiftPackageReference;
			repositoryURL = "https://github.com/ml-explore/mlx-swift-examples/";
			requirement = {
				kind = upToNextMajorVersion;
				minimumVersion = 2.21.2;
			};
		};
		2AA154102CF2636900D27D18 /* XCRemoteSwiftPackageReference "swift-markdown-ui" */ = {
			isa = XCRemoteSwiftPackageReference;
			repositoryURL = "https://github.com/gonzalezreal/swift-markdown-ui";
			requirement = {
				kind = upToNextMajorVersion;
				minimumVersion = 2.4.1;
			};
		};
		2AF5CC542D2AFE1C0050F923 /* XCRemoteSwiftPackageReference "KeyboardShortcuts" */ = {
			isa = XCRemoteSwiftPackageReference;
			repositoryURL = "https://github.com/sindresorhus/KeyboardShortcuts";
			requirement = {
				kind = upToNextMajorVersion;
				minimumVersion = 2.2.4;
			};
		};
/* End XCRemoteSwiftPackageReference section */

/* Begin XCSwiftPackageProductDependency section */
		2A0D3B812D68F22000851AC8 /* MLX */ = {
			isa = XCSwiftPackageProductDependency;
			package = 2A0D3B802D68F22000851AC8 /* XCRemoteSwiftPackageReference "mlx-swift" */;
			productName = MLX;
		};
		2A0D3B832D68F22000851AC8 /* MLXFFT */ = {
			isa = XCSwiftPackageProductDependency;
			package = 2A0D3B802D68F22000851AC8 /* XCRemoteSwiftPackageReference "mlx-swift" */;
			productName = MLXFFT;
		};
		2A0D3B852D68F22000851AC8 /* MLXFast */ = {
			isa = XCSwiftPackageProductDependency;
			package = 2A0D3B802D68F22000851AC8 /* XCRemoteSwiftPackageReference "mlx-swift" */;
			productName = MLXFast;
		};
		2A0D3B872D68F22000851AC8 /* MLXLinalg */ = {
			isa = XCSwiftPackageProductDependency;
			package = 2A0D3B802D68F22000851AC8 /* XCRemoteSwiftPackageReference "mlx-swift" */;
			productName = MLXLinalg;
		};
		2A0D3B892D68F22000851AC8 /* MLXNN */ = {
			isa = XCSwiftPackageProductDependency;
			package = 2A0D3B802D68F22000851AC8 /* XCRemoteSwiftPackageReference "mlx-swift" */;
			productName = MLXNN;
		};
		2A0D3B8C2D68F23200851AC8 /* MLXLLM */ = {
			isa = XCSwiftPackageProductDependency;
			package = 2A0D3B8B2D68F23200851AC8 /* XCRemoteSwiftPackageReference "mlx-swift-examples" */;
			productName = MLXLLM;
		};
		2A0D3B8E2D68F23200851AC8 /* MLXLMCommon */ = {
			isa = XCSwiftPackageProductDependency;
			package = 2A0D3B8B2D68F23200851AC8 /* XCRemoteSwiftPackageReference "mlx-swift-examples" */;
			productName = MLXLMCommon;
		};
		2A0D3B902D68F23200851AC8 /* MLXMNIST */ = {
			isa = XCSwiftPackageProductDependency;
			package = 2A0D3B8B2D68F23200851AC8 /* XCRemoteSwiftPackageReference "mlx-swift-examples" */;
			productName = MLXMNIST;
		};
		2A0D3B922D68F23200851AC8 /* MLXVLM */ = {
			isa = XCSwiftPackageProductDependency;
			package = 2A0D3B8B2D68F23200851AC8 /* XCRemoteSwiftPackageReference "mlx-swift-examples" */;
			productName = MLXVLM;
		};
		2A0D3B942D68F23200851AC8 /* StableDiffusion */ = {
			isa = XCSwiftPackageProductDependency;
			package = 2A0D3B8B2D68F23200851AC8 /* XCRemoteSwiftPackageReference "mlx-swift-examples" */;
			productName = StableDiffusion;
		};
		2AA154112CF2636900D27D18 /* MarkdownUI */ = {
			isa = XCSwiftPackageProductDependency;
			package = 2AA154102CF2636900D27D18 /* XCRemoteSwiftPackageReference "swift-markdown-ui" */;
			productName = MarkdownUI;
		};
		2AF5CC552D2AFE1C0050F923 /* KeyboardShortcuts */ = {
			isa = XCSwiftPackageProductDependency;
			package = 2AF5CC542D2AFE1C0050F923 /* XCRemoteSwiftPackageReference "KeyboardShortcuts" */;
			productName = KeyboardShortcuts;
		};
/* End XCSwiftPackageProductDependency section */
	};
	rootObject = 2ABCBC162CDEB606001E4B5E /* Project object */;
}
