// !$*UTF8*$!
{
	archiveVersion = 1;
	classes = {
	};
	objectVersion = 77;
	objects = {

/* Begin PBXBuildFile section */
		420ADBB92E2D2FB400D4A564 /* MarkdownUI in Frameworks */ = {isa = PBXBuildFile; productRef = 420ADBB82E2D2FB400D4A564 /* MarkdownUI */; };
		420ADBBC2E2D2FCB00D4A564 /* KeyboardShortcuts in Frameworks */ = {isa = PBXBuildFile; productRef = 420ADBBB2E2D2FCB00D4A564 /* KeyboardShortcuts */; };
		420ADBBF2E2D300F00D4A564 /* AIProxy in Frameworks */ = {isa = PBXBuildFile; productRef = 420ADBBE2E2D300F00D4A564 /* AIProxy */; };
		420F0D022ECCB706004D7AC6 /* LiquidGlass in Frameworks */ = {isa = PBXBuildFile; productRef = 420F0D012ECCB706004D7AC6 /* LiquidGlass */; };
		42655EE02E2D3380000EB2FE /* MLXEmbedders in Frameworks */ = {isa = PBXBuildFile; productRef = 42655EDF2E2D3380000EB2FE /* MLXEmbedders */; };
		42655EE22E2D3380000EB2FE /* MLXLLM in Frameworks */ = {isa = PBXBuildFile; productRef = 42655EE12E2D3380000EB2FE /* MLXLLM */; };
		42655EE42E2D3380000EB2FE /* MLXLMCommon in Frameworks */ = {isa = PBXBuildFile; productRef = 42655EE32E2D3380000EB2FE /* MLXLMCommon */; };
		42655EE62E2D3380000EB2FE /* MLXMNIST in Frameworks */ = {isa = PBXBuildFile; productRef = 42655EE52E2D3380000EB2FE /* MLXMNIST */; };
		42655EE82E2D3380000EB2FE /* MLXVLM in Frameworks */ = {isa = PBXBuildFile; productRef = 42655EE72E2D3380000EB2FE /* MLXVLM */; };
		42655EEA2E2D3380000EB2FE /* StableDiffusion in Frameworks */ = {isa = PBXBuildFile; productRef = 42655EE92E2D3380000EB2FE /* StableDiffusion */; };
		42D3D3392EE0DF8B00105C2F /* LaTeXSwiftUI in Frameworks */ = {isa = PBXBuildFile; productRef = 42D3D3382EE0DF8B00105C2F /* LaTeXSwiftUI */; };
		42D3D33C2EE0E51300105C2F /* MarkdownView in Frameworks */ = {isa = PBXBuildFile; productRef = 42D3D33B2EE0E51300105C2F /* MarkdownView */; };
		42D870F32EC4D1C5001B0626 /* MLXEmbedders in Frameworks */ = {isa = PBXBuildFile; productRef = 42D870F22EC4D1C5001B0626 /* MLXEmbedders */; };
		42D870F52EC4D1C5001B0626 /* MLXLLM in Frameworks */ = {isa = PBXBuildFile; productRef = 42D870F42EC4D1C5001B0626 /* MLXLLM */; };
		42D870F72EC4D1C5001B0626 /* MLXLMCommon in Frameworks */ = {isa = PBXBuildFile; productRef = 42D870F62EC4D1C5001B0626 /* MLXLMCommon */; };
		42D870F92EC4D1C5001B0626 /* MLXVLM in Frameworks */ = {isa = PBXBuildFile; productRef = 42D870F82EC4D1C5001B0626 /* MLXVLM */; };
/* End PBXBuildFile section */

/* Begin PBXFileReference section */
		4293055F2E2FD66E00685531 /* WritingTools.app */ = {isa = PBXFileReference; explicitFileType = wrapper.application; includeInIndex = 0; path = WritingTools.app; sourceTree = BUILT_PRODUCTS_DIR; };
/* End PBXFileReference section */

/* Begin PBXFileSystemSynchronizedBuildFileExceptionSet section */
		420B81B12E2D8211008D014D /* Exceptions for "WritingTools" folder in "WritingTools" target */ = {
			isa = PBXFileSystemSynchronizedBuildFileExceptionSet;
			membershipExceptions = (
				Info.plist,
			);
			target = 2ABCBC1D2CDEB606001E4B5E /* WritingTools */;
		};
/* End PBXFileSystemSynchronizedBuildFileExceptionSet section */

/* Begin PBXFileSystemSynchronizedRootGroup section */
		2ABCBC202CDEB606001E4B5E /* WritingTools */ = {
			isa = PBXFileSystemSynchronizedRootGroup;
			exceptions = (
				420B81B12E2D8211008D014D /* Exceptions for "WritingTools" folder in "WritingTools" target */,
			);
			path = WritingTools;
			sourceTree = "<group>";
		};
/* End PBXFileSystemSynchronizedRootGroup section */

/* Begin PBXFrameworksBuildPhase section */
		2ABCBC1B2CDEB606001E4B5E /* Frameworks */ = {
			isa = PBXFrameworksBuildPhase;
			buildActionMask = 2147483647;
			files = (
				42D870F52EC4D1C5001B0626 /* MLXLLM in Frameworks */,
				42655EE62E2D3380000EB2FE /* MLXMNIST in Frameworks */,
				42655EE22E2D3380000EB2FE /* MLXLLM in Frameworks */,
				420F0D022ECCB706004D7AC6 /* LiquidGlass in Frameworks */,
				42655EE02E2D3380000EB2FE /* MLXEmbedders in Frameworks */,
				42D3D3392EE0DF8B00105C2F /* LaTeXSwiftUI in Frameworks */,
				420ADBBF2E2D300F00D4A564 /* AIProxy in Frameworks */,
				420ADBB92E2D2FB400D4A564 /* MarkdownUI in Frameworks */,
				42655EE42E2D3380000EB2FE /* MLXLMCommon in Frameworks */,
				42D870F32EC4D1C5001B0626 /* MLXEmbedders in Frameworks */,
				42D3D33C2EE0E51300105C2F /* MarkdownView in Frameworks */,
				42655EE82E2D3380000EB2FE /* MLXVLM in Frameworks */,
				42D870F92EC4D1C5001B0626 /* MLXVLM in Frameworks */,
				42655EEA2E2D3380000EB2FE /* StableDiffusion in Frameworks */,
				420ADBBC2E2D2FCB00D4A564 /* KeyboardShortcuts in Frameworks */,
				42D870F72EC4D1C5001B0626 /* MLXLMCommon in Frameworks */,
			);
			runOnlyForDeploymentPostprocessing = 0;
		};
/* End PBXFrameworksBuildPhase section */

/* Begin PBXGroup section */
		2ABCBC152CDEB606001E4B5E = {
			isa = PBXGroup;
			children = (
				2ABCBC202CDEB606001E4B5E /* WritingTools */,
				4293055F2E2FD66E00685531 /* WritingTools.app */,
			);
			sourceTree = "<group>";
		};
/* End PBXGroup section */

/* Begin PBXNativeTarget section */
		2ABCBC1D2CDEB606001E4B5E /* WritingTools */ = {
			isa = PBXNativeTarget;
			buildConfigurationList = 2ABCBC432CDEB607001E4B5E /* Build configuration list for PBXNativeTarget "WritingTools" */;
			buildPhases = (
				2ABCBC1A2CDEB606001E4B5E /* Sources */,
				2ABCBC1B2CDEB606001E4B5E /* Frameworks */,
				2ABCBC1C2CDEB606001E4B5E /* Resources */,
			);
			buildRules = (
			);
			dependencies = (
			);
			fileSystemSynchronizedGroups = (
				2ABCBC202CDEB606001E4B5E /* WritingTools */,
			);
			name = WritingTools;
			packageProductDependencies = (
				420ADBB82E2D2FB400D4A564 /* MarkdownUI */,
				420ADBBB2E2D2FCB00D4A564 /* KeyboardShortcuts */,
				420ADBBE2E2D300F00D4A564 /* AIProxy */,
				42655EDF2E2D3380000EB2FE /* MLXEmbedders */,
				42655EE12E2D3380000EB2FE /* MLXLLM */,
				42655EE32E2D3380000EB2FE /* MLXLMCommon */,
				42655EE52E2D3380000EB2FE /* MLXMNIST */,
				42655EE72E2D3380000EB2FE /* MLXVLM */,
				42655EE92E2D3380000EB2FE /* StableDiffusion */,
				42D870F22EC4D1C5001B0626 /* MLXEmbedders */,
				42D870F42EC4D1C5001B0626 /* MLXLLM */,
				42D870F62EC4D1C5001B0626 /* MLXLMCommon */,
				42D870F82EC4D1C5001B0626 /* MLXVLM */,
				420F0D012ECCB706004D7AC6 /* LiquidGlass */,
				42D3D3382EE0DF8B00105C2F /* LaTeXSwiftUI */,
				42D3D33B2EE0E51300105C2F /* MarkdownView */,
			);
			productName = "swift-writing-tools";
			productReference = 4293055F2E2FD66E00685531 /* WritingTools.app */;
			productType = "com.apple.product-type.application";
		};
/* End PBXNativeTarget section */

/* Begin PBXProject section */
		2ABCBC162CDEB606001E4B5E /* Project object */ = {
			isa = PBXProject;
			attributes = {
				BuildIndependentTargetsInParallel = 1;
				LastSwiftUpdateCheck = 1610;
				LastUpgradeCheck = 2600;
				TargetAttributes = {
					2ABCBC1D2CDEB606001E4B5E = {
						CreatedOnToolsVersion = 16.1;
					};
				};
			};
			buildConfigurationList = 2ABCBC192CDEB606001E4B5E /* Build configuration list for PBXProject "WritingTools" */;
			developmentRegion = en;
			hasScannedForEncodings = 0;
			knownRegions = (
				en,
				Base,
				de,
				fr,
				es,
			);
			mainGroup = 2ABCBC152CDEB606001E4B5E;
			minimizedProjectReferenceProxies = 1;
			packageReferences = (
				428BD5FA2E2D2EBC0089EED4 /* XCRemoteSwiftPackageReference "mlx-swift-examples" */,
				420ADBB72E2D2FB400D4A564 /* XCRemoteSwiftPackageReference "swift-markdown-ui" */,
				420ADBBA2E2D2FCB00D4A564 /* XCRemoteSwiftPackageReference "KeyboardShortcuts" */,
				420ADBBD2E2D300F00D4A564 /* XCRemoteSwiftPackageReference "aiproxyswift" */,
				42D870F12EC4D1C5001B0626 /* XCRemoteSwiftPackageReference "mlx-swift-lm" */,
				420F0D002ECCB706004D7AC6 /* XCRemoteSwiftPackageReference "LiquidGlass" */,
				42D3D3372EE0DF8B00105C2F /* XCRemoteSwiftPackageReference "LaTeXSwiftUI" */,
				42D3D33A2EE0E51300105C2F /* XCRemoteSwiftPackageReference "MarkdownView" */,
			);
			preferredProjectObjectVersion = 77;
			productRefGroup = 2ABCBC152CDEB606001E4B5E;
			projectDirPath = "";
			projectRoot = "";
			targets = (
				2ABCBC1D2CDEB606001E4B5E /* WritingTools */,
			);
		};
/* End PBXProject section */

/* Begin PBXResourcesBuildPhase section */
		2ABCBC1C2CDEB606001E4B5E /* Resources */ = {
			isa = PBXResourcesBuildPhase;
			buildActionMask = 2147483647;
			files = (
			);
			runOnlyForDeploymentPostprocessing = 0;
		};
/* End PBXResourcesBuildPhase section */

/* Begin PBXSourcesBuildPhase section */
		2ABCBC1A2CDEB606001E4B5E /* Sources */ = {
			isa = PBXSourcesBuildPhase;
			buildActionMask = 2147483647;
			files = (
			);
			runOnlyForDeploymentPostprocessing = 0;
		};
/* End PBXSourcesBuildPhase section */

/* Begin XCBuildConfiguration section */
		2ABCBC412CDEB607001E4B5E /* Debug */ = {
			isa = XCBuildConfiguration;
			buildSettings = {
				ALWAYS_SEARCH_USER_PATHS = NO;
				ASSETCATALOG_COMPILER_GENERATE_SWIFT_ASSET_SYMBOL_EXTENSIONS = YES;
				CLANG_ANALYZER_LOCALIZABILITY_NONLOCALIZED = YES;
				CLANG_ANALYZER_NONNULL = YES;
				CLANG_ANALYZER_NUMBER_OBJECT_CONVERSION = YES_AGGRESSIVE;
				CLANG_CXX_LANGUAGE_STANDARD = "gnu++20";
				CLANG_ENABLE_MODULES = YES;
				CLANG_ENABLE_OBJC_ARC = YES;
				CLANG_ENABLE_OBJC_WEAK = YES;
				CLANG_WARN_BLOCK_CAPTURE_AUTORELEASING = YES;
				CLANG_WARN_BOOL_CONVERSION = YES;
				CLANG_WARN_COMMA = YES;
				CLANG_WARN_CONSTANT_CONVERSION = YES;
				CLANG_WARN_DEPRECATED_OBJC_IMPLEMENTATIONS = YES;
				CLANG_WARN_DIRECT_OBJC_ISA_USAGE = YES_ERROR;
				CLANG_WARN_DOCUMENTATION_COMMENTS = YES;
				CLANG_WARN_EMPTY_BODY = YES;
				CLANG_WARN_ENUM_CONVERSION = YES;
				CLANG_WARN_INFINITE_RECURSION = YES;
				CLANG_WARN_INT_CONVERSION = YES;
				CLANG_WARN_NON_LITERAL_NULL_CONVERSION = YES;
				CLANG_WARN_OBJC_IMPLICIT_RETAIN_SELF = YES;
				CLANG_WARN_OBJC_LITERAL_CONVERSION = YES;
				CLANG_WARN_OBJC_ROOT_CLASS = YES_ERROR;
				CLANG_WARN_QUOTED_INCLUDE_IN_FRAMEWORK_HEADER = YES;
				CLANG_WARN_RANGE_LOOP_ANALYSIS = YES;
				CLANG_WARN_STRICT_PROTOTYPES = YES;
				CLANG_WARN_SUSPICIOUS_MOVE = YES;
				CLANG_WARN_UNGUARDED_AVAILABILITY = YES_AGGRESSIVE;
				CLANG_WARN_UNREACHABLE_CODE = YES;
				CLANG_WARN__DUPLICATE_METHOD_MATCH = YES;
				COPY_PHASE_STRIP = NO;
				DEAD_CODE_STRIPPING = YES;
				DEBUG_INFORMATION_FORMAT = dwarf;
				DEVELOPMENT_TEAM = MK2V998W66;
				ENABLE_STRICT_OBJC_MSGSEND = YES;
				ENABLE_TESTABILITY = YES;
				ENABLE_USER_SCRIPT_SANDBOXING = YES;
				GCC_C_LANGUAGE_STANDARD = gnu17;
				GCC_DYNAMIC_NO_PIC = NO;
				GCC_NO_COMMON_BLOCKS = YES;
				GCC_OPTIMIZATION_LEVEL = 0;
				GCC_PREPROCESSOR_DEFINITIONS = (
					"DEBUG=1",
					"$(inherited)",
				);
				GCC_WARN_64_TO_32_BIT_CONVERSION = YES;
				GCC_WARN_ABOUT_RETURN_TYPE = YES_ERROR;
				GCC_WARN_UNDECLARED_SELECTOR = YES;
				GCC_WARN_UNINITIALIZED_AUTOS = YES_AGGRESSIVE;
				GCC_WARN_UNUSED_FUNCTION = YES;
				GCC_WARN_UNUSED_VARIABLE = YES;
				LOCALIZATION_PREFERS_STRING_CATALOGS = YES;
				MACOSX_DEPLOYMENT_TARGET = 14.6;
				MTL_ENABLE_DEBUG_INFO = INCLUDE_SOURCE;
				MTL_FAST_MATH = YES;
				ONLY_ACTIVE_ARCH = YES;
				SDKROOT = macosx;
				STRING_CATALOG_GENERATE_SYMBOLS = YES;
				SWIFT_ACTIVE_COMPILATION_CONDITIONS = "DEBUG $(inherited)";
				SWIFT_EMIT_LOC_STRINGS = YES;
				SWIFT_OPTIMIZATION_LEVEL = "-Onone";
			};
			name = Debug;
		};
		2ABCBC422CDEB607001E4B5E /* Release */ = {
			isa = XCBuildConfiguration;
			buildSettings = {
				ALWAYS_SEARCH_USER_PATHS = NO;
				ASSETCATALOG_COMPILER_GENERATE_SWIFT_ASSET_SYMBOL_EXTENSIONS = YES;
				CLANG_ANALYZER_LOCALIZABILITY_NONLOCALIZED = YES;
				CLANG_ANALYZER_NONNULL = YES;
				CLANG_ANALYZER_NUMBER_OBJECT_CONVERSION = YES_AGGRESSIVE;
				CLANG_CXX_LANGUAGE_STANDARD = "gnu++20";
				CLANG_ENABLE_MODULES = YES;
				CLANG_ENABLE_OBJC_ARC = YES;
				CLANG_ENABLE_OBJC_WEAK = YES;
				CLANG_WARN_BLOCK_CAPTURE_AUTORELEASING = YES;
				CLANG_WARN_BOOL_CONVERSION = YES;
				CLANG_WARN_COMMA = YES;
				CLANG_WARN_CONSTANT_CONVERSION = YES;
				CLANG_WARN_DEPRECATED_OBJC_IMPLEMENTATIONS = YES;
				CLANG_WARN_DIRECT_OBJC_ISA_USAGE = YES_ERROR;
				CLANG_WARN_DOCUMENTATION_COMMENTS = YES;
				CLANG_WARN_EMPTY_BODY = YES;
				CLANG_WARN_ENUM_CONVERSION = YES;
				CLANG_WARN_INFINITE_RECURSION = YES;
				CLANG_WARN_INT_CONVERSION = YES;
				CLANG_WARN_NON_LITERAL_NULL_CONVERSION = YES;
				CLANG_WARN_OBJC_IMPLICIT_RETAIN_SELF = YES;
				CLANG_WARN_OBJC_LITERAL_CONVERSION = YES;
				CLANG_WARN_OBJC_ROOT_CLASS = YES_ERROR;
				CLANG_WARN_QUOTED_INCLUDE_IN_FRAMEWORK_HEADER = YES;
				CLANG_WARN_RANGE_LOOP_ANALYSIS = YES;
				CLANG_WARN_STRICT_PROTOTYPES = YES;
				CLANG_WARN_SUSPICIOUS_MOVE = YES;
				CLANG_WARN_UNGUARDED_AVAILABILITY = YES_AGGRESSIVE;
				CLANG_WARN_UNREACHABLE_CODE = YES;
				CLANG_WARN__DUPLICATE_METHOD_MATCH = YES;
				COPY_PHASE_STRIP = NO;
				DEAD_CODE_STRIPPING = YES;
				DEBUG_INFORMATION_FORMAT = "dwarf-with-dsym";
				DEVELOPMENT_TEAM = MK2V998W66;
				ENABLE_NS_ASSERTIONS = NO;
				ENABLE_STRICT_OBJC_MSGSEND = YES;
				ENABLE_USER_SCRIPT_SANDBOXING = YES;
				GCC_C_LANGUAGE_STANDARD = gnu17;
				GCC_NO_COMMON_BLOCKS = YES;
				GCC_WARN_64_TO_32_BIT_CONVERSION = YES;
				GCC_WARN_ABOUT_RETURN_TYPE = YES_ERROR;
				GCC_WARN_UNDECLARED_SELECTOR = YES;
				GCC_WARN_UNINITIALIZED_AUTOS = YES_AGGRESSIVE;
				GCC_WARN_UNUSED_FUNCTION = YES;
				GCC_WARN_UNUSED_VARIABLE = YES;
				LOCALIZATION_PREFERS_STRING_CATALOGS = YES;
				MACOSX_DEPLOYMENT_TARGET = 14.6;
				MTL_ENABLE_DEBUG_INFO = NO;
				MTL_FAST_MATH = YES;
				SDKROOT = macosx;
				STRING_CATALOG_GENERATE_SYMBOLS = YES;
				SWIFT_COMPILATION_MODE = wholemodule;
				SWIFT_EMIT_LOC_STRINGS = YES;
			};
			name = Release;
		};
		2ABCBC442CDEB607001E4B5E /* Debug */ = {
			isa = XCBuildConfiguration;
			buildSettings = {
				ASSETCATALOG_COMPILER_APPICON_NAME = WritingTools;
				ASSETCATALOG_COMPILER_GLOBAL_ACCENT_COLOR_NAME = AccentColor;
				ASSETCATALOG_COMPILER_INCLUDE_ALL_APPICON_ASSETS = YES;
				AUTOMATION_APPLE_EVENTS = YES;
				CODE_SIGN_ENTITLEMENTS = WritingTools/writing_tools.entitlements;
				CODE_SIGN_IDENTITY = "Apple Development";
				"CODE_SIGN_IDENTITY[sdk=macosx*]" = "Developer ID Application";
				CODE_SIGN_STYLE = Manual;
				COMBINE_HIDPI_IMAGES = YES;
				CURRENT_PROJECT_VERSION = 43;
				DEAD_CODE_STRIPPING = YES;
				DEVELOPMENT_ASSET_PATHS = "\"WritingTools/Preview Content\"";
				DEVELOPMENT_TEAM = "";
				"DEVELOPMENT_TEAM[sdk=macosx*]" = MK2V998W66;
				ENABLE_APP_SANDBOX = YES;
				ENABLE_HARDENED_RUNTIME = YES;
				ENABLE_INCOMING_NETWORK_CONNECTIONS = NO;
				ENABLE_OUTGOING_NETWORK_CONNECTIONS = YES;
				ENABLE_PREVIEWS = YES;
				ENABLE_RESOURCE_ACCESS_AUDIO_INPUT = NO;
				ENABLE_RESOURCE_ACCESS_BLUETOOTH = NO;
				ENABLE_RESOURCE_ACCESS_CALENDARS = NO;
				ENABLE_RESOURCE_ACCESS_CAMERA = NO;
				ENABLE_RESOURCE_ACCESS_CONTACTS = NO;
				ENABLE_RESOURCE_ACCESS_LOCATION = NO;
				ENABLE_RESOURCE_ACCESS_PRINTING = NO;
				ENABLE_RESOURCE_ACCESS_USB = NO;
				ENABLE_USER_SELECTED_FILES = readwrite;
				GENERATE_INFOPLIST_FILE = YES;
				INFOPLIST_FILE = WritingTools/Info.plist;
				INFOPLIST_KEY_CFBundleDisplayName = WritingTools;
				INFOPLIST_KEY_LSApplicationCategoryType = "public.app-category.utilities";
				INFOPLIST_KEY_LSUIElement = YES;
				INFOPLIST_KEY_NSHumanReadableCopyright = "";
				LD_RUNPATH_SEARCH_PATHS = (
					"$(inherited)",
					"@executable_path/../Frameworks",
				);
				MACOSX_DEPLOYMENT_TARGET = 14.0;
				MARKETING_VERSION = 5.6;
				PRODUCT_BUNDLE_IDENTIFIER = "com.aryamirsepasi.writing-tools";
				PRODUCT_NAME = "$(TARGET_NAME)";
				PROVISIONING_PROFILE_SPECIFIER = "";
				"PROVISIONING_PROFILE_SPECIFIER[sdk=macosx*]" = writingtoolsID;
				SWIFT_EMIT_LOC_STRINGS = YES;
				SWIFT_VERSION = 5.0;
			};
			name = Debug;
		};
		2ABCBC452CDEB607001E4B5E /* Release */ = {
			isa = XCBuildConfiguration;
			buildSettings = {
				ASSETCATALOG_COMPILER_APPICON_NAME = WritingTools;
				ASSETCATALOG_COMPILER_GLOBAL_ACCENT_COLOR_NAME = AccentColor;
				ASSETCATALOG_COMPILER_INCLUDE_ALL_APPICON_ASSETS = YES;
				AUTOMATION_APPLE_EVENTS = YES;
				CODE_SIGN_ENTITLEMENTS = WritingTools/writing_tools.entitlements;
				CODE_SIGN_IDENTITY = "Apple Development";
				"CODE_SIGN_IDENTITY[sdk=macosx*]" = "Developer ID Application";
				CODE_SIGN_STYLE = Manual;
				COMBINE_HIDPI_IMAGES = YES;
				CURRENT_PROJECT_VERSION = 43;
				DEAD_CODE_STRIPPING = YES;
				DEVELOPMENT_ASSET_PATHS = "\"WritingTools/Preview Content\"";
				DEVELOPMENT_TEAM = "";
				"DEVELOPMENT_TEAM[sdk=macosx*]" = MK2V998W66;
				ENABLE_APP_SANDBOX = YES;
				ENABLE_HARDENED_RUNTIME = YES;
				ENABLE_INCOMING_NETWORK_CONNECTIONS = NO;
				ENABLE_OUTGOING_NETWORK_CONNECTIONS = YES;
				ENABLE_PREVIEWS = YES;
				ENABLE_RESOURCE_ACCESS_AUDIO_INPUT = NO;
				ENABLE_RESOURCE_ACCESS_BLUETOOTH = NO;
				ENABLE_RESOURCE_ACCESS_CALENDARS = NO;
				ENABLE_RESOURCE_ACCESS_CAMERA = NO;
				ENABLE_RESOURCE_ACCESS_CONTACTS = NO;
				ENABLE_RESOURCE_ACCESS_LOCATION = NO;
				ENABLE_RESOURCE_ACCESS_PRINTING = NO;
				ENABLE_RESOURCE_ACCESS_USB = NO;
				ENABLE_USER_SELECTED_FILES = readwrite;
				GENERATE_INFOPLIST_FILE = YES;
				INFOPLIST_FILE = WritingTools/Info.plist;
				INFOPLIST_KEY_CFBundleDisplayName = WritingTools;
				INFOPLIST_KEY_LSApplicationCategoryType = "public.app-category.utilities";
				INFOPLIST_KEY_LSUIElement = YES;
				INFOPLIST_KEY_NSHumanReadableCopyright = "";
				LD_RUNPATH_SEARCH_PATHS = (
					"$(inherited)",
					"@executable_path/../Frameworks",
				);
				MACOSX_DEPLOYMENT_TARGET = 14.0;
				MARKETING_VERSION = 5.6;
				PRODUCT_BUNDLE_IDENTIFIER = "com.aryamirsepasi.writing-tools";
				PRODUCT_NAME = "$(TARGET_NAME)";
				PROVISIONING_PROFILE_SPECIFIER = "";
				"PROVISIONING_PROFILE_SPECIFIER[sdk=macosx*]" = writingtoolsID;
				SWIFT_EMIT_LOC_STRINGS = YES;
				SWIFT_VERSION = 5.0;
			};
			name = Release;
		};
/* End XCBuildConfiguration section */

/* Begin XCConfigurationList section */
		2ABCBC192CDEB606001E4B5E /* Build configuration list for PBXProject "WritingTools" */ = {
			isa = XCConfigurationList;
			buildConfigurations = (
				2ABCBC412CDEB607001E4B5E /* Debug */,
				2ABCBC422CDEB607001E4B5E /* Release */,
			);
			defaultConfigurationIsVisible = 0;
			defaultConfigurationName = Release;
		};
		2ABCBC432CDEB607001E4B5E /* Build configuration list for PBXNativeTarget "WritingTools" */ = {
			isa = XCConfigurationList;
			buildConfigurations = (
				2ABCBC442CDEB607001E4B5E /* Debug */,
				2ABCBC452CDEB607001E4B5E /* Release */,
			);
			defaultConfigurationIsVisible = 0;
			defaultConfigurationName = Release;
		};
/* End XCConfigurationList section */

/* Begin XCRemoteSwiftPackageReference section */
		420ADBB72E2D2FB400D4A564 /* XCRemoteSwiftPackageReference "swift-markdown-ui" */ = {
			isa = XCRemoteSwiftPackageReference;
			repositoryURL = "https://github.com/gonzalezreal/swift-markdown-ui";
			requirement = {
				kind = upToNextMajorVersion;
				minimumVersion = 2.4.1;
			};
		};
		420ADBBA2E2D2FCB00D4A564 /* XCRemoteSwiftPackageReference "KeyboardShortcuts" */ = {
			isa = XCRemoteSwiftPackageReference;
			repositoryURL = "https://github.com/sindresorhus/KeyboardShortcuts";
			requirement = {
				kind = upToNextMajorVersion;
				minimumVersion = 2.3.0;
			};
		};
		420ADBBD2E2D300F00D4A564 /* XCRemoteSwiftPackageReference "aiproxyswift" */ = {
			isa = XCRemoteSwiftPackageReference;
			repositoryURL = "https://github.com/lzell/aiproxyswift";
			requirement = {
				kind = upToNextMajorVersion;
				minimumVersion = 0.120.0;
			};
		};
		420F0D002ECCB706004D7AC6 /* XCRemoteSwiftPackageReference "LiquidGlass" */ = {
			isa = XCRemoteSwiftPackageReference;
			repositoryURL = "https://github.com/xnxjoe/LiquidGlass.git";
			requirement = {
				kind = upToNextMajorVersion;
				minimumVersion = 1.1.2;
			};
		};
		428BD5FA2E2D2EBC0089EED4 /* XCRemoteSwiftPackageReference "mlx-swift-examples" */ = {
			isa = XCRemoteSwiftPackageReference;
			repositoryURL = "https://github.com/ml-explore/mlx-swift-examples.git";
			requirement = {
				branch = main;
				kind = branch;
			};
		};
		42D3D3372EE0DF8B00105C2F /* XCRemoteSwiftPackageReference "LaTeXSwiftUI" */ = {
			isa = XCRemoteSwiftPackageReference;
			repositoryURL = "https://github.com/colinc86/LaTeXSwiftUI";
			requirement = {
				branch = main;
				kind = branch;
			};
		};
		42D3D33A2EE0E51300105C2F /* XCRemoteSwiftPackageReference "MarkdownView" */ = {
			isa = XCRemoteSwiftPackageReference;
			repositoryURL = "https://github.com/LiYanan2004/MarkdownView.git";
			requirement = {
				kind = upToNextMajorVersion;
				minimumVersion = 2.5.2;
			};
		};
		42D870F12EC4D1C5001B0626 /* XCRemoteSwiftPackageReference "mlx-swift-lm" */ = {
			isa = XCRemoteSwiftPackageReference;
			repositoryURL = "https://github.com/ml-explore/mlx-swift-lm/";
			requirement = {
				branch = main;
				kind = branch;
			};
		};
/* End XCRemoteSwiftPackageReference section */

/* Begin XCSwiftPackageProductDependency section */
		420ADBB82E2D2FB400D4A564 /* MarkdownUI */ = {
			isa = XCSwiftPackageProductDependency;
			package = 420ADBB72E2D2FB400D4A564 /* XCRemoteSwiftPackageReference "swift-markdown-ui" */;
			productName = MarkdownUI;
		};
		420ADBBB2E2D2FCB00D4A564 /* KeyboardShortcuts */ = {
			isa = XCSwiftPackageProductDependency;
			package = 420ADBBA2E2D2FCB00D4A564 /* XCRemoteSwiftPackageReference "KeyboardShortcuts" */;
			productName = KeyboardShortcuts;
		};
		420ADBBE2E2D300F00D4A564 /* AIProxy */ = {
			isa = XCSwiftPackageProductDependency;
			package = 420ADBBD2E2D300F00D4A564 /* XCRemoteSwiftPackageReference "aiproxyswift" */;
			productName = AIProxy;
		};
		420F0D012ECCB706004D7AC6 /* LiquidGlass */ = {
			isa = XCSwiftPackageProductDependency;
			package = 420F0D002ECCB706004D7AC6 /* XCRemoteSwiftPackageReference "LiquidGlass" */;
			productName = LiquidGlass;
		};
		42655EDF2E2D3380000EB2FE /* MLXEmbedders */ = {
			isa = XCSwiftPackageProductDependency;
			package = 428BD5FA2E2D2EBC0089EED4 /* XCRemoteSwiftPackageReference "mlx-swift-examples" */;
			productName = MLXEmbedders;
		};
		42655EE12E2D3380000EB2FE /* MLXLLM */ = {
			isa = XCSwiftPackageProductDependency;
			package = 428BD5FA2E2D2EBC0089EED4 /* XCRemoteSwiftPackageReference "mlx-swift-examples" */;
			productName = MLXLLM;
		};
		42655EE32E2D3380000EB2FE /* MLXLMCommon */ = {
			isa = XCSwiftPackageProductDependency;
			package = 428BD5FA2E2D2EBC0089EED4 /* XCRemoteSwiftPackageReference "mlx-swift-examples" */;
			productName = MLXLMCommon;
		};
		42655EE52E2D3380000EB2FE /* MLXMNIST */ = {
			isa = XCSwiftPackageProductDependency;
			package = 428BD5FA2E2D2EBC0089EED4 /* XCRemoteSwiftPackageReference "mlx-swift-examples" */;
			productName = MLXMNIST;
		};
		42655EE72E2D3380000EB2FE /* MLXVLM */ = {
			isa = XCSwiftPackageProductDependency;
			package = 428BD5FA2E2D2EBC0089EED4 /* XCRemoteSwiftPackageReference "mlx-swift-examples" */;
			productName = MLXVLM;
		};
		42655EE92E2D3380000EB2FE /* StableDiffusion */ = {
			isa = XCSwiftPackageProductDependency;
			package = 428BD5FA2E2D2EBC0089EED4 /* XCRemoteSwiftPackageReference "mlx-swift-examples" */;
			productName = StableDiffusion;
		};
		42D3D3382EE0DF8B00105C2F /* LaTeXSwiftUI */ = {
			isa = XCSwiftPackageProductDependency;
			package = 42D3D3372EE0DF8B00105C2F /* XCRemoteSwiftPackageReference "LaTeXSwiftUI" */;
			productName = LaTeXSwiftUI;
		};
		42D3D33B2EE0E51300105C2F /* MarkdownView */ = {
			isa = XCSwiftPackageProductDependency;
			package = 42D3D33A2EE0E51300105C2F /* XCRemoteSwiftPackageReference "MarkdownView" */;
			productName = MarkdownView;
		};
		42D870F22EC4D1C5001B0626 /* MLXEmbedders */ = {
			isa = XCSwiftPackageProductDependency;
			package = 42D870F12EC4D1C5001B0626 /* XCRemoteSwiftPackageReference "mlx-swift-lm" */;
			productName = MLXEmbedders;
		};
		42D870F42EC4D1C5001B0626 /* MLXLLM */ = {
			isa = XCSwiftPackageProductDependency;
			package = 42D870F12EC4D1C5001B0626 /* XCRemoteSwiftPackageReference "mlx-swift-lm" */;
			productName = MLXLLM;
		};
		42D870F62EC4D1C5001B0626 /* MLXLMCommon */ = {
			isa = XCSwiftPackageProductDependency;
			package = 42D870F12EC4D1C5001B0626 /* XCRemoteSwiftPackageReference "mlx-swift-lm" */;
			productName = MLXLMCommon;
		};
		42D870F82EC4D1C5001B0626 /* MLXVLM */ = {
			isa = XCSwiftPackageProductDependency;
			package = 42D870F12EC4D1C5001B0626 /* XCRemoteSwiftPackageReference "mlx-swift-lm" */;
			productName = MLXVLM;
		};
/* End XCSwiftPackageProductDependency section */
	};
	rootObject = 2ABCBC162CDEB606001E4B5E /* Project object */;
}
